
Microsoft Visual Studio Solution File, Format Version 12.00
# Visual Studio Version 16
VisualStudioVersion = 25.0.1705.6
MinimumVisualStudioVersion = 10.0.40219.1
Project("{FAE04EC0-301F-11D3-BF4B-00C04F79EFBC}") = "Sample", "Sample\Sample.csproj", "{13AD95CD-299D-4E1B-A0A8-A5C7D351E764}"
EndProject
Global
	GlobalSection(SolutionConfigurationPlatforms) = preSolution
		Debug|Any CPU = Debug|Any CPU
		Release|Any CPU = Release|Any CPU
	EndGlobalSection
	GlobalSection(ProjectConfigurationPlatforms) = postSolution
		{13AD95CD-299D-4E1B-A0A8-A5C7D351E764}.Debug|Any CPU.ActiveCfg = Debug|Any CPU
		{13AD95CD-299D-4E1B-A0A8-A5C7D351E764}.Debug|Any CPU.Build.0 = Debug|Any CPU
		{13AD95CD-299D-4E1B-A0A8-A5C7D351E764}.Release|Any CPU.ActiveCfg = Release|Any CPU
		{13AD95CD-299D-4E1B-A0A8-A5C7D351E764}.Release|Any CPU.Build.0 = Release|Any CPU
	EndGlobalSection
	GlobalSection(SolutionProperties) = preSolution
		HideSolutionNode = FALSE
	EndGlobalSection
	GlobalSection(ExtensibilityGlobals) = postSolution
		SolutionGuid = {B17DD17A-FE16-4508-B4E2-BD6F9A9FA792}
	EndGlobalSection
EndGlobal
